
Microsoft Visual Studio Solution File, Format Version 12.00
# Visual Studio Version 17
VisualStudioVersion = 17.7.34031.279
MinimumVisualStudioVersion = 10.0.40219.1
Project("{FAE04EC0-301F-11D3-BF4B-00C04F79EFBC}") = "Contacts.Maui", "Contacts.Maui\Contacts.Maui.csproj", "{96569F3B-F82A-43A4-8A1E-6791D5B2DC1D}"
EndProject
Global
	GlobalSection(SolutionConfigurationPlatforms) = preSolution
		Debug|Any CPU = Debug|Any CPU
		Release|Any CPU = Release|Any CPU
	EndGlobalSection
	GlobalSection(ProjectConfigurationPlatforms) = postSolution
		{96569F3B-F82A-43A4-8A1E-6791D5B2DC1D}.Debug|Any CPU.ActiveCfg = Debug|Any CPU
		{96569F3B-F82A-43A4-8A1E-6791D5B2DC1D}.Debug|Any CPU.Build.0 = Debug|Any CPU
		{96569F3B-F82A-43A4-8A1E-6791D5B2DC1D}.Debug|Any CPU.Deploy.0 = Debug|Any CPU
		{96569F3B-F82A-43A4-8A1E-6791D5B2DC1D}.Release|Any CPU.ActiveCfg = Release|Any CPU
		{96569F3B-F82A-43A4-8A1E-6791D5B2DC1D}.Release|Any CPU.Build.0 = Release|Any CPU
		{96569F3B-F82A-43A4-8A1E-6791D5B2DC1D}.Release|Any CPU.Deploy.0 = Release|Any CPU
	EndGlobalSection
	GlobalSection(SolutionProperties) = preSolution
		HideSolutionNode = FALSE
	EndGlobalSection
	GlobalSection(ExtensibilityGlobals) = postSolution
		SolutionGuid = {29DA8ACE-37CA-4A65-A5FA-3FB8E40C5607}
	EndGlobalSection
EndGlobal
